{
  "version": 1,
  "dependencies": {
    "net8.0": {
      "J2N": {
        "type": "Transitive",
        "resolved": "2.0.0",
        "contentHash": "M5bwDajAARZiyqupU+rHQJnsVLxNBOHJ8vKYHd8LcLIb1FgLfzzcJvc31Qo5Xz/GEHFjDF9ScjKL/ks/zRTXuA=="
      },
      "Lucene.Net": {
        "type": "Transitive",
        "resolved": "4.8.0-beta00016",
        "contentHash": "DCtUbE/NIrisNI7hRwU+UKS3Cr6S2vH1XB9wvEHHI3anu5OUpX1Fkr/PDC7oFCaol/QCvzVLbLZVizAT1aTLpA==",
        "dependencies": {
          "J2N": "2.0.0",
          "Microsoft.Extensions.Configuration.Abstractions": "2.0.0"
        }
      },
      "Lucene.Net.Analysis.Common": {
        "type": "Transitive",
        "resolved": "4.8.0-beta00016",
        "contentHash": "7pjEAIliWdih6E3I0hCE8hKcKKRx1LLzeQBslF1fhvzE1Sal4NyHd8RFJHV1Z+yHlBw4gCyyVIDZADiIoyqwxg==",
        "dependencies": {
          "Lucene.Net": "4.8.0-beta00016"
        }
      },
      "Lucene.Net.Queries": {
        "type": "Transitive",
        "resolved": "4.8.0-beta00016",
        "contentHash": "XBzdMDlan68V2ZlhAlP8Fd+Xx2Le8ec7cEN1kFF45Sipa3Q8L/tilJfwS9VHvMTvGkwPM/yj62eGbfGBgIMR8Q==",
        "dependencies": {
          "Lucene.Net": "4.8.0-beta00016"
        }
      },
      "Microsoft.Extensions.Configuration.Abstractions": {
        "type": "Transitive",
        "resolved": "2.0.0",
        "contentHash": "rHFrXqMIvQNq51H8RYTO4IWmDOYh8NUzyqGlh0xHWTP6XYnKk7Ryinys2uDs+Vu88b3AMlM3gBBSs78m6OQpYQ==",
        "dependencies": {
          "Microsoft.Extensions.Primitives": "2.0.0"
        }
      },
      "Microsoft.Extensions.Primitives": {
        "type": "Transitive",
        "resolved": "2.0.0",
        "contentHash": "ukg53qNlqTrK38WA30b5qhw0GD7y3jdI9PHHASjdKyTcBHTevFM2o23tyk3pWCgAV27Bbkm+CPQ2zUe1ZOuYSA==",
        "dependencies": {
          "System.Runtime.CompilerServices.Unsafe": "4.4.0"
        }
      },
      "Newtonsoft.Json": {
        "type": "Transitive",
        "resolved": "13.0.3",
        "contentHash": "HrC5BXdl00IP9zeV+0Z848QWPAoCr9P3bDEZguI+gkLcBKAOxix/tLEAAHC+UvDNPv4a2d18lOReHMOagPa+zQ=="
      },
      "System.Runtime.CompilerServices.Unsafe": {
        "type": "Transitive",
        "resolved": "4.4.0",
        "contentHash": "9dLLuBxr5GNmOfl2jSMcsHuteEg32BEfUotmmUkmZjpR3RpVHE8YQwt0ow3p6prwA1ME8WqDVZqrr8z6H8G+Kw=="
      },
      "lucene.net.objectmapping": {
        "type": "Project",
        "dependencies": {
          "Lucene.Net": "[4.8.0-*, )",
          "Lucene.Net.Analysis.Common": "[4.8.0-*, )",
          "Lucene.Net.Queries": "[4.8.0-*, )",
          "Newtonsoft.Json": "[13.*, )"
        }
      }
    }
  }
}